// !$*UTF8*$!
{
	archiveVersion = 1;
	classes = {
	};
	objectVersion = 55;
	objects = {

/* Begin PBXBuildFile section */
		3C50D79F275EAEC10073C6B8 /* AppDelegate.swift in Sources */ = {isa = PBXBuildFile; fileRef = 3C50D79E275EAEC10073C6B8 /* AppDelegate.swift */; };
		3C50D7A1275EAEC10073C6B8 /* ViewController.swift in Sources */ = {isa = PBXBuildFile; fileRef = 3C50D7A0275EAEC10073C6B8 /* ViewController.swift */; };
		3C50D7A3275EAEC30073C6B8 /* Assets.xcassets in Resources */ = {isa = PBXBuildFile; fileRef = 3C50D7A2275EAEC30073C6B8 /* Assets.xcassets */; };
		3C50D7A6275EAEC30073C6B8 /* Main.storyboard in Resources */ = {isa = PBXBuildFile; fileRef = 3C50D7A4275EAEC30073C6B8 /* Main.storyboard */; };
		3C50D7B1275EAEC40073C6B8 /* storyBoardGetWindowTests.swift in Sources */ = {isa = PBXBuildFile; fileRef = 3C50D7B0275EAEC40073C6B8 /* storyBoardGetWindowTests.swift */; };
		3C50D7BB275EAEC40073C6B8 /* storyBoardGetWindowUITests.swift in Sources */ = {isa = PBXBuildFile; fileRef = 3C50D7BA275EAEC40073C6B8 /* storyBoardGetWindowUITests.swift */; };
		3C50D7BD275EAEC40073C6B8 /* storyBoardGetWindowUITestsLaunchTests.swift in Sources */ = {isa = PBXBuildFile; fileRef = 3C50D7BC275EAEC40073C6B8 /* storyBoardGetWindowUITestsLaunchTests.swift */; };
		3C50D7CA275EAF920073C6B8 /* StatusBarConrtroller.swift in Sources */ = {isa = PBXBuildFile; fileRef = 3C50D7C9275EAF920073C6B8 /* StatusBarConrtroller.swift */; };
		3C50D7CC275EAFE10073C6B8 /* ContentView.swift in Sources */ = {isa = PBXBuildFile; fileRef = 3C50D7CB275EAFE10073C6B8 /* ContentView.swift */; };
/* End PBXBuildFile section */

/* Begin PBXContainerItemProxy section */
		3C50D7AD275EAEC40073C6B8 /* PBXContainerItemProxy */ = {
			isa = PBXContainerItemProxy;
			containerPortal = 3C50D793275EAEC10073C6B8 /* Project object */;
			proxyType = 1;
			remoteGlobalIDString = 3C50D79A275EAEC10073C6B8;
			remoteInfo = storyBoardGetWindow;
		};
		3C50D7B7275EAEC40073C6B8 /* PBXContainerItemProxy */ = {
			isa = PBXContainerItemProxy;
			containerPortal = 3C50D793275EAEC10073C6B8 /* Project object */;
			proxyType = 1;
			remoteGlobalIDString = 3C50D79A275EAEC10073C6B8;
			remoteInfo = storyBoardGetWindow;
		};
/* End PBXContainerItemProxy section */

/* Begin PBXFileReference section */
		3C50D79B275EAEC10073C6B8 /* storyBoardGetWindow.app */ = {isa = PBXFileReference; explicitFileType = wrapper.application; includeInIndex = 0; path = storyBoardGetWindow.app; sourceTree = BUILT_PRODUCTS_DIR; };
		3C50D79E275EAEC10073C6B8 /* AppDelegate.swift */ = {isa = PBXFileReference; lastKnownFileType = sourcecode.swift; path = AppDelegate.swift; sourceTree = "<group>"; };
		3C50D7A0275EAEC10073C6B8 /* ViewController.swift */ = {isa = PBXFileReference; lastKnownFileType = sourcecode.swift; path = ViewController.swift; sourceTree = "<group>"; };
		3C50D7A2275EAEC30073C6B8 /* Assets.xcassets */ = {isa = PBXFileReference; lastKnownFileType = folder.assetcatalog; path = Assets.xcassets; sourceTree = "<group>"; };
		3C50D7A5275EAEC30073C6B8 /* Base */ = {isa = PBXFileReference; lastKnownFileType = file.storyboard; name = Base; path = Base.lproj/Main.storyboard; sourceTree = "<group>"; };
		3C50D7A7275EAEC30073C6B8 /* storyBoardGetWindow.entitlements */ = {isa = PBXFileReference; lastKnownFileType = text.plist.entitlements; path = storyBoardGetWindow.entitlements; sourceTree = "<group>"; };
		3C50D7AC275EAEC40073C6B8 /* storyBoardGetWindowTests.xctest */ = {isa = PBXFileReference; explicitFileType = wrapper.cfbundle; includeInIndex = 0; path = storyBoardGetWindowTests.xctest; sourceTree = BUILT_PRODUCTS_DIR; };
		3C50D7B0275EAEC40073C6B8 /* storyBoardGetWindowTests.swift */ = {isa = PBXFileReference; lastKnownFileType = sourcecode.swift; path = storyBoardGetWindowTests.swift; sourceTree = "<group>"; };
		3C50D7B6275EAEC40073C6B8 /* storyBoardGetWindowUITests.xctest */ = {isa = PBXFileReference; explicitFileType = wrapper.cfbundle; includeInIndex = 0; path = storyBoardGetWindowUITests.xctest; sourceTree = BUILT_PRODUCTS_DIR; };
		3C50D7BA275EAEC40073C6B8 /* storyBoardGetWindowUITests.swift */ = {isa = PBXFileReference; lastKnownFileType = sourcecode.swift; path = storyBoardGetWindowUITests.swift; sourceTree = "<group>"; };
		3C50D7BC275EAEC40073C6B8 /* storyBoardGetWindowUITestsLaunchTests.swift */ = {isa = PBXFileReference; lastKnownFileType = sourcecode.swift; path = storyBoardGetWindowUITestsLaunchTests.swift; sourceTree = "<group>"; };
		3C50D7C9275EAF920073C6B8 /* StatusBarConrtroller.swift */ = {isa = PBXFileReference; lastKnownFileType = sourcecode.swift; path = StatusBarConrtroller.swift; sourceTree = "<group>"; };
		3C50D7CB275EAFE10073C6B8 /* ContentView.swift */ = {isa = PBXFileReference; lastKnownFileType = sourcecode.swift; path = ContentView.swift; sourceTree = "<group>"; };
		3C50D7CD275EB0CF0073C6B8 /* Info.plist */ = {isa = PBXFileReference; lastKnownFileType = text.plist; path = Info.plist; sourceTree = "<group>"; };
/* End PBXFileReference section */

/* Begin PBXFrameworksBuildPhase section */
		3C50D798275EAEC10073C6B8 /* Frameworks */ = {
			isa = PBXFrameworksBuildPhase;
			buildActionMask = 2147483647;
			files = (
			);
			runOnlyForDeploymentPostprocessing = 0;
		};
		3C50D7A9275EAEC40073C6B8 /* Frameworks */ = {
			isa = PBXFrameworksBuildPhase;
			buildActionMask = 2147483647;
			files = (
			);
			runOnlyForDeploymentPostprocessing = 0;
		};
		3C50D7B3275EAEC40073C6B8 /* Frameworks */ = {
			isa = PBXFrameworksBuildPhase;
			buildActionMask = 2147483647;
			files = (
			);
			runOnlyForDeploymentPostprocessing = 0;
		};
/* End PBXFrameworksBuildPhase section */

/* Begin PBXGroup section */
		3C50D792275EAEC10073C6B8 = {
			isa = PBXGroup;
			children = (
				3C50D79D275EAEC10073C6B8 /* storyBoardGetWindow */,
				3C50D7AF275EAEC40073C6B8 /* storyBoardGetWindowTests */,
				3C50D7B9275EAEC40073C6B8 /* storyBoardGetWindowUITests */,
				3C50D79C275EAEC10073C6B8 /* Products */,
			);
			sourceTree = "<group>";
		};
		3C50D79C275EAEC10073C6B8 /* Products */ = {
			isa = PBXGroup;
			children = (
				3C50D79B275EAEC10073C6B8 /* storyBoardGetWindow.app */,
				3C50D7AC275EAEC40073C6B8 /* storyBoardGetWindowTests.xctest */,
				3C50D7B6275EAEC40073C6B8 /* storyBoardGetWindowUITests.xctest */,
			);
			name = Products;
			sourceTree = "<group>";
		};
		3C50D79D275EAEC10073C6B8 /* storyBoardGetWindow */ = {
			isa = PBXGroup;
			children = (
				3C50D7CD275EB0CF0073C6B8 /* Info.plist */,
				3C50D79E275EAEC10073C6B8 /* AppDelegate.swift */,
				3C50D7A0275EAEC10073C6B8 /* ViewController.swift */,
				3C50D7A2275EAEC30073C6B8 /* Assets.xcassets */,
				3C50D7A4275EAEC30073C6B8 /* Main.storyboard */,
				3C50D7A7275EAEC30073C6B8 /* storyBoardGetWindow.entitlements */,
				3C50D7C9275EAF920073C6B8 /* StatusBarConrtroller.swift */,
				3C50D7CB275EAFE10073C6B8 /* ContentView.swift */,
			);
			path = storyBoardGetWindow;
			sourceTree = "<group>";
		};
		3C50D7AF275EAEC40073C6B8 /* storyBoardGetWindowTests */ = {
			isa = PBXGroup;
			children = (
				3C50D7B0275EAEC40073C6B8 /* storyBoardGetWindowTests.swift */,
			);
			path = storyBoardGetWindowTests;
			sourceTree = "<group>";
		};
		3C50D7B9275EAEC40073C6B8 /* storyBoardGetWindowUITests */ = {
			isa = PBXGroup;
			children = (
				3C50D7BA275EAEC40073C6B8 /* storyBoardGetWindowUITests.swift */,
				3C50D7BC275EAEC40073C6B8 /* storyBoardGetWindowUITestsLaunchTests.swift */,
			);
			path = storyBoardGetWindowUITests;
			sourceTree = "<group>";
		};
/* End PBXGroup section */

/* Begin PBXNativeTarget section */
		3C50D79A275EAEC10073C6B8 /* storyBoardGetWindow */ = {
			isa = PBXNativeTarget;
			buildConfigurationList = 3C50D7C0275EAEC40073C6B8 /* Build configuration list for PBXNativeTarget "storyBoardGetWindow" */;
			buildPhases = (
				3C50D797275EAEC10073C6B8 /* Sources */,
				3C50D798275EAEC10073C6B8 /* Frameworks */,
				3C50D799275EAEC10073C6B8 /* Resources */,
			);
			buildRules = (
			);
			dependencies = (
			);
			name = storyBoardGetWindow;
			productName = storyBoardGetWindow;
			productReference = 3C50D79B275EAEC10073C6B8 /* storyBoardGetWindow.app */;
			productType = "com.apple.product-type.application";
		};
		3C50D7AB275EAEC40073C6B8 /* storyBoardGetWindowTests */ = {
			isa = PBXNativeTarget;
			buildConfigurationList = 3C50D7C3275EAEC40073C6B8 /* Build configuration list for PBXNativeTarget "storyBoardGetWindowTests" */;
			buildPhases = (
				3C50D7A8275EAEC40073C6B8 /* Sources */,
				3C50D7A9275EAEC40073C6B8 /* Frameworks */,
				3C50D7AA275EAEC40073C6B8 /* Resources */,
			);
			buildRules = (
			);
			dependencies = (
				3C50D7AE275EAEC40073C6B8 /* PBXTargetDependency */,
			);
			name = storyBoardGetWindowTests;
			productName = storyBoardGetWindowTests;
			productReference = 3C50D7AC275EAEC40073C6B8 /* storyBoardGetWindowTests.xctest */;
			productType = "com.apple.product-type.bundle.unit-test";
		};
		3C50D7B5275EAEC40073C6B8 /* storyBoardGetWindowUITests */ = {
			isa = PBXNativeTarget;
			buildConfigurationList = 3C50D7C6275EAEC40073C6B8 /* Build configuration list for PBXNativeTarget "storyBoardGetWindowUITests" */;
			buildPhases = (
				3C50D7B2275EAEC40073C6B8 /* Sources */,
				3C50D7B3275EAEC40073C6B8 /* Frameworks */,
				3C50D7B4275EAEC40073C6B8 /* Resources */,
			);
			buildRules = (
			);
			dependencies = (
				3C50D7B8275EAEC40073C6B8 /* PBXTargetDependency */,
			);
			name = storyBoardGetWindowUITests;
			productName = storyBoardGetWindowUITests;
			productReference = 3C50D7B6275EAEC40073C6B8 /* storyBoardGetWindowUITests.xctest */;
			productType = "com.apple.product-type.bundle.ui-testing";
		};
/* End PBXNativeTarget section */

/* Begin PBXProject section */
		3C50D793275EAEC10073C6B8 /* Project object */ = {
			isa = PBXProject;
			attributes = {
				BuildIndependentTargetsInParallel = 1;
				LastSwiftUpdateCheck = 1310;
				LastUpgradeCheck = 1310;
				TargetAttributes = {
					3C50D79A275EAEC10073C6B8 = {
						CreatedOnToolsVersion = 13.1;
					};
					3C50D7AB275EAEC40073C6B8 = {
						CreatedOnToolsVersion = 13.1;
						TestTargetID = 3C50D79A275EAEC10073C6B8;
					};
					3C50D7B5275EAEC40073C6B8 = {
						CreatedOnToolsVersion = 13.1;
						TestTargetID = 3C50D79A275EAEC10073C6B8;
					};
				};
			};
			buildConfigurationList = 3C50D796275EAEC10073C6B8 /* Build configuration list for PBXProject "storyBoardGetWindow" */;
			compatibilityVersion = "Xcode 13.0";
			developmentRegion = en;
			hasScannedForEncodings = 0;
			knownRegions = (
				en,
				Base,
			);
			mainGroup = 3C50D792275EAEC10073C6B8;
			productRefGroup = 3C50D79C275EAEC10073C6B8 /* Products */;
			projectDirPath = "";
			projectRoot = "";
			targets = (
				3C50D79A275EAEC10073C6B8 /* storyBoardGetWindow */,
				3C50D7AB275EAEC40073C6B8 /* storyBoardGetWindowTests */,
				3C50D7B5275EAEC40073C6B8 /* storyBoardGetWindowUITests */,
			);
		};
/* End PBXProject section */

/* Begin PBXResourcesBuildPhase section */
		3C50D799275EAEC10073C6B8 /* Resources */ = {
			isa = PBXResourcesBuildPhase;
			buildActionMask = 2147483647;
			files = (
				3C50D7A3275EAEC30073C6B8 /* Assets.xcassets in Resources */,
				3C50D7A6275EAEC30073C6B8 /* Main.storyboard in Resources */,
			);
			runOnlyForDeploymentPostprocessing = 0;
		};
		3C50D7AA275EAEC40073C6B8 /* Resources */ = {
			isa = PBXResourcesBuildPhase;
			buildActionMask = 2147483647;
			files = (
			);
			runOnlyForDeploymentPostprocessing = 0;
		};
		3C50D7B4275EAEC40073C6B8 /* Resources */ = {
			isa = PBXResourcesBuildPhase;
			buildActionMask = 2147483647;
			files = (
			);
			runOnlyForDeploymentPostprocessing = 0;
		};
/* End PBXResourcesBuildPhase section */

/* Begin PBXSourcesBuildPhase section */
		3C50D797275EAEC10073C6B8 /* Sources */ = {
			isa = PBXSourcesBuildPhase;
			buildActionMask = 2147483647;
			files = (
				3C50D7CA275EAF920073C6B8 /* StatusBarConrtroller.swift in Sources */,
				3C50D7A1275EAEC10073C6B8 /* ViewController.swift in Sources */,
				3C50D7CC275EAFE10073C6B8 /* ContentView.swift in Sources */,
				3C50D79F275EAEC10073C6B8 /* AppDelegate.swift in Sources */,
			);
			runOnlyForDeploymentPostprocessing = 0;
		};
		3C50D7A8275EAEC40073C6B8 /* Sources */ = {
			isa = PBXSourcesBuildPhase;
			buildActionMask = 2147483647;
			files = (
				3C50D7B1275EAEC40073C6B8 /* storyBoardGetWindowTests.swift in Sources */,
			);
			runOnlyForDeploymentPostprocessing = 0;
		};
		3C50D7B2275EAEC40073C6B8 /* Sources */ = {
			isa = PBXSourcesBuildPhase;
			buildActionMask = 2147483647;
			files = (
				3C50D7BD275EAEC40073C6B8 /* storyBoardGetWindowUITestsLaunchTests.swift in Sources */,
				3C50D7BB275EAEC40073C6B8 /* storyBoardGetWindowUITests.swift in Sources */,
			);
			runOnlyForDeploymentPostprocessing = 0;
		};
/* End PBXSourcesBuildPhase section */

/* Begin PBXTargetDependency section */
		3C50D7AE275EAEC40073C6B8 /* PBXTargetDependency */ = {
			isa = PBXTargetDependency;
			target = 3C50D79A275EAEC10073C6B8 /* storyBoardGetWindow */;
			targetProxy = 3C50D7AD275EAEC40073C6B8 /* PBXContainerItemProxy */;
		};
		3C50D7B8275EAEC40073C6B8 /* PBXTargetDependency */ = {
			isa = PBXTargetDependency;
			target = 3C50D79A275EAEC10073C6B8 /* storyBoardGetWindow */;
			targetProxy = 3C50D7B7275EAEC40073C6B8 /* PBXContainerItemProxy */;
		};
/* End PBXTargetDependency section */

/* Begin PBXVariantGroup section */
		3C50D7A4275EAEC30073C6B8 /* Main.storyboard */ = {
			isa = PBXVariantGroup;
			children = (
				3C50D7A5275EAEC30073C6B8 /* Base */,
			);
			name = Main.storyboard;
			sourceTree = "<group>";
		};
/* End PBXVariantGroup section */

/* Begin XCBuildConfiguration section */
		3C50D7BE275EAEC40073C6B8 /* Debug */ = {
			isa = XCBuildConfiguration;
			buildSettings = {
				ALWAYS_SEARCH_USER_PATHS = NO;
				CLANG_ANALYZER_NONNULL = YES;
				CLANG_ANALYZER_NUMBER_OBJECT_CONVERSION = YES_AGGRESSIVE;
				CLANG_CXX_LANGUAGE_STANDARD = "gnu++17";
				CLANG_CXX_LIBRARY = "libc++";
				CLANG_ENABLE_MODULES = YES;
				CLANG_ENABLE_OBJC_ARC = YES;
				CLANG_ENABLE_OBJC_WEAK = YES;
				CLANG_WARN_BLOCK_CAPTURE_AUTORELEASING = YES;
				CLANG_WARN_BOOL_CONVERSION = YES;
				CLANG_WARN_COMMA = YES;
				CLANG_WARN_CONSTANT_CONVERSION = YES;
				CLANG_WARN_DEPRECATED_OBJC_IMPLEMENTATIONS = YES;
				CLANG_WARN_DIRECT_OBJC_ISA_USAGE = YES_ERROR;
				CLANG_WARN_DOCUMENTATION_COMMENTS = YES;
				CLANG_WARN_EMPTY_BODY = YES;
				CLANG_WARN_ENUM_CONVERSION = YES;
				CLANG_WARN_INFINITE_RECURSION = YES;
				CLANG_WARN_INT_CONVERSION = YES;
				CLANG_WARN_NON_LITERAL_NULL_CONVERSION = YES;
				CLANG_WARN_OBJC_IMPLICIT_RETAIN_SELF = YES;
				CLANG_WARN_OBJC_LITERAL_CONVERSION = YES;
				CLANG_WARN_OBJC_ROOT_CLASS = YES_ERROR;
				CLANG_WARN_QUOTED_INCLUDE_IN_FRAMEWORK_HEADER = YES;
				CLANG_WARN_RANGE_LOOP_ANALYSIS = YES;
				CLANG_WARN_STRICT_PROTOTYPES = YES;
				CLANG_WARN_SUSPICIOUS_MOVE = YES;
				CLANG_WARN_UNGUARDED_AVAILABILITY = YES_AGGRESSIVE;
				CLANG_WARN_UNREACHABLE_CODE = YES;
				CLANG_WARN__DUPLICATE_METHOD_MATCH = YES;
				COPY_PHASE_STRIP = NO;
				DEBUG_INFORMATION_FORMAT = dwarf;
				ENABLE_STRICT_OBJC_MSGSEND = YES;
				ENABLE_TESTABILITY = YES;
				GCC_C_LANGUAGE_STANDARD = gnu11;
				GCC_DYNAMIC_NO_PIC = NO;
				GCC_NO_COMMON_BLOCKS = YES;
				GCC_OPTIMIZATION_LEVEL = 0;
				GCC_PREPROCESSOR_DEFINITIONS = (
					"DEBUG=1",
					"$(inherited)",
				);
				GCC_WARN_64_TO_32_BIT_CONVERSION = YES;
				GCC_WARN_ABOUT_RETURN_TYPE = YES_ERROR;
				GCC_WARN_UNDECLARED_SELECTOR = YES;
				GCC_WARN_UNINITIALIZED_AUTOS = YES_AGGRESSIVE;
				GCC_WARN_UNUSED_FUNCTION = YES;
				GCC_WARN_UNUSED_VARIABLE = YES;
				MACOSX_DEPLOYMENT_TARGET = 12.0;
				MTL_ENABLE_DEBUG_INFO = INCLUDE_SOURCE;
				MTL_FAST_MATH = YES;
				ONLY_ACTIVE_ARCH = YES;
				SDKROOT = macosx;
				SWIFT_ACTIVE_COMPILATION_CONDITIONS = DEBUG;
				SWIFT_OPTIMIZATION_LEVEL = "-Onone";
			};
			name = Debug;
		};
		3C50D7BF275EAEC40073C6B8 /* Release */ = {
			isa = XCBuildConfiguration;
			buildSettings = {
				ALWAYS_SEARCH_USER_PATHS = NO;
				CLANG_ANALYZER_NONNULL = YES;
				CLANG_ANALYZER_NUMBER_OBJECT_CONVERSION = YES_AGGRESSIVE;
				CLANG_CXX_LANGUAGE_STANDARD = "gnu++17";
				CLANG_CXX_LIBRARY = "libc++";
				CLANG_ENABLE_MODULES = YES;
				CLANG_ENABLE_OBJC_ARC = YES;
				CLANG_ENABLE_OBJC_WEAK = YES;
				CLANG_WARN_BLOCK_CAPTURE_AUTORELEASING = YES;
				CLANG_WARN_BOOL_CONVERSION = YES;
				CLANG_WARN_COMMA = YES;
				CLANG_WARN_CONSTANT_CONVERSION = YES;
				CLANG_WARN_DEPRECATED_OBJC_IMPLEMENTATIONS = YES;
				CLANG_WARN_DIRECT_OBJC_ISA_USAGE = YES_ERROR;
				CLANG_WARN_DOCUMENTATION_COMMENTS = YES;
				CLANG_WARN_EMPTY_BODY = YES;
				CLANG_WARN_ENUM_CONVERSION = YES;
				CLANG_WARN_INFINITE_RECURSION = YES;
				CLANG_WARN_INT_CONVERSION = YES;
				CLANG_WARN_NON_LITERAL_NULL_CONVERSION = YES;
				CLANG_WARN_OBJC_IMPLICIT_RETAIN_SELF = YES;
				CLANG_WARN_OBJC_LITERAL_CONVERSION = YES;
				CLANG_WARN_OBJC_ROOT_CLASS = YES_ERROR;
				CLANG_WARN_QUOTED_INCLUDE_IN_FRAMEWORK_HEADER = YES;
				CLANG_WARN_RANGE_LOOP_ANALYSIS = YES;
				CLANG_WARN_STRICT_PROTOTYPES = YES;
				CLANG_WARN_SUSPICIOUS_MOVE = YES;
				CLANG_WARN_UNGUARDED_AVAILABILITY = YES_AGGRESSIVE;
				CLANG_WARN_UNREACHABLE_CODE = YES;
				CLANG_WARN__DUPLICATE_METHOD_MATCH = YES;
				COPY_PHASE_STRIP = NO;
				DEBUG_INFORMATION_FORMAT = "dwarf-with-dsym";
				ENABLE_NS_ASSERTIONS = NO;
				ENABLE_STRICT_OBJC_MSGSEND = YES;
				GCC_C_LANGUAGE_STANDARD = gnu11;
				GCC_NO_COMMON_BLOCKS = YES;
				GCC_WARN_64_TO_32_BIT_CONVERSION = YES;
				GCC_WARN_ABOUT_RETURN_TYPE = YES_ERROR;
				GCC_WARN_UNDECLARED_SELECTOR = YES;
				GCC_WARN_UNINITIALIZED_AUTOS = YES_AGGRESSIVE;
				GCC_WARN_UNUSED_FUNCTION = YES;
				GCC_WARN_UNUSED_VARIABLE = YES;
				MACOSX_DEPLOYMENT_TARGET = 12.0;
				MTL_ENABLE_DEBUG_INFO = NO;
				MTL_FAST_MATH = YES;
				SDKROOT = macosx;
				SWIFT_COMPILATION_MODE = wholemodule;
				SWIFT_OPTIMIZATION_LEVEL = "-O";
			};
			name = Release;
		};
		3C50D7C1275EAEC40073C6B8 /* Debug */ = {
			isa = XCBuildConfiguration;
			buildSettings = {
				ASSETCATALOG_COMPILER_APPICON_NAME = AppIcon;
				ASSETCATALOG_COMPILER_GLOBAL_ACCENT_COLOR_NAME = AccentColor;
				CODE_SIGN_ENTITLEMENTS = storyBoardGetWindow/storyBoardGetWindow.entitlements;
				CODE_SIGN_STYLE = Automatic;
				COMBINE_HIDPI_IMAGES = YES;
				CURRENT_PROJECT_VERSION = 1;
				GENERATE_INFOPLIST_FILE = YES;
				INFOPLIST_FILE = storyBoardGetWindow/Info.plist;
				INFOPLIST_KEY_LSApplicationCategoryType = "";
				INFOPLIST_KEY_NSMainStoryboardFile = Main;
				INFOPLIST_KEY_NSPrincipalClass = NSApplication;
				LD_RUNPATH_SEARCH_PATHS = (
					"$(inherited)",
					"@executable_path/../Frameworks",
				);
				MARKETING_VERSION = 1.0;
				PRODUCT_BUNDLE_IDENTIFIER = take.storyBoardGetWindow;
				PRODUCT_NAME = "$(TARGET_NAME)";
				SWIFT_EMIT_LOC_STRINGS = YES;
				SWIFT_VERSION = 5.0;
			};
			name = Debug;
		};
		3C50D7C2275EAEC40073C6B8 /* Release */ = {
			isa = XCBuildConfiguration;
			buildSettings = {
				ASSETCATALOG_COMPILER_APPICON_NAME = AppIcon;
				ASSETCATALOG_COMPILER_GLOBAL_ACCENT_COLOR_NAME = AccentColor;
				CODE_SIGN_ENTITLEMENTS = storyBoardGetWindow/storyBoardGetWindow.entitlements;
				CODE_SIGN_STYLE = Automatic;
				COMBINE_HIDPI_IMAGES = YES;
				CURRENT_PROJECT_VERSION = 1;
				GENERATE_INFOPLIST_FILE = YES;
				INFOPLIST_FILE = storyBoardGetWindow/Info.plist;
				INFOPLIST_KEY_LSApplicationCategoryType = "";
				INFOPLIST_KEY_NSMainStoryboardFile = Main;
				INFOPLIST_KEY_NSPrincipalClass = NSApplication;
				LD_RUNPATH_SEARCH_PATHS = (
					"$(inherited)",
					"@executable_path/../Frameworks",
				);
				MARKETING_VERSION = 1.0;
				PRODUCT_BUNDLE_IDENTIFIER = take.storyBoardGetWindow;
				PRODUCT_NAME = "$(TARGET_NAME)";
				SWIFT_EMIT_LOC_STRINGS = YES;
				SWIFT_VERSION = 5.0;
			};
			name = Release;
		};
		3C50D7C4275EAEC40073C6B8 /* Debug */ = {
			isa = XCBuildConfiguration;
			buildSettings = {
				ALWAYS_EMBED_SWIFT_STANDARD_LIBRARIES = YES;
				BUNDLE_LOADER = "$(TEST_HOST)";
				CODE_SIGN_STYLE = Automatic;
				COMBINE_HIDPI_IMAGES = YES;
				CURRENT_PROJECT_VERSION = 1;
				GENERATE_INFOPLIST_FILE = YES;
				LD_RUNPATH_SEARCH_PATHS = (
					"$(inherited)",
					"@executable_path/../Frameworks",
					"@loader_path/../Frameworks",
				);
				MACOSX_DEPLOYMENT_TARGET = 12.0;
				MARKETING_VERSION = 1.0;
				PRODUCT_BUNDLE_IDENTIFIER = take.storyBoardGetWindowTests;
				PRODUCT_NAME = "$(TARGET_NAME)";
				SWIFT_EMIT_LOC_STRINGS = NO;
				SWIFT_VERSION = 5.0;
				TEST_HOST = "$(BUILT_PRODUCTS_DIR)/storyBoardGetWindow.app/Contents/MacOS/storyBoardGetWindow";
			};
			name = Debug;
		};
		3C50D7C5275EAEC40073C6B8 /* Release */ = {
			isa = XCBuildConfiguration;
			buildSettings = {
				ALWAYS_EMBED_SWIFT_STANDARD_LIBRARIES = YES;
				BUNDLE_LOADER = "$(TEST_HOST)";
				CODE_SIGN_STYLE = Automatic;
				COMBINE_HIDPI_IMAGES = YES;
				CURRENT_PROJECT_VERSION = 1;
				GENERATE_INFOPLIST_FILE = YES;
				LD_RUNPATH_SEARCH_PATHS = (
					"$(inherited)",
					"@executable_path/../Frameworks",
					"@loader_path/../Frameworks",
				);
				MACOSX_DEPLOYMENT_TARGET = 12.0;
				MARKETING_VERSION = 1.0;
				PRODUCT_BUNDLE_IDENTIFIER = take.storyBoardGetWindowTests;
				PRODUCT_NAME = "$(TARGET_NAME)";
				SWIFT_EMIT_LOC_STRINGS = NO;
				SWIFT_VERSION = 5.0;
				TEST_HOST = "$(BUILT_PRODUCTS_DIR)/storyBoardGetWindow.app/Contents/MacOS/storyBoardGetWindow";
			};
			name = Release;
		};
		3C50D7C7275EAEC40073C6B8 /* Debug */ = {
			isa = XCBuildConfiguration;
			buildSettings = {
				ALWAYS_EMBED_SWIFT_STANDARD_LIBRARIES = YES;
				CODE_SIGN_STYLE = Automatic;
				COMBINE_HIDPI_IMAGES = YES;
				CURRENT_PROJECT_VERSION = 1;
				GENERATE_INFOPLIST_FILE = YES;
				LD_RUNPATH_SEARCH_PATHS = (
					"$(inherited)",
					"@executable_path/../Frameworks",
					"@loader_path/../Frameworks",
				);
				MARKETING_VERSION = 1.0;
				PRODUCT_BUNDLE_IDENTIFIER = take.storyBoardGetWindowUITests;
				PRODUCT_NAME = "$(TARGET_NAME)";
				SWIFT_EMIT_LOC_STRINGS = NO;
				SWIFT_VERSION = 5.0;
				TEST_TARGET_NAME = storyBoardGetWindow;
			};
			name = Debug;
		};
		3C50D7C8275EAEC40073C6B8 /* Release */ = {
			isa = XCBuildConfiguration;
			buildSettings = {
				ALWAYS_EMBED_SWIFT_STANDARD_LIBRARIES = YES;
				CODE_SIGN_STYLE = Automatic;
				COMBINE_HIDPI_IMAGES = YES;
				CURRENT_PROJECT_VERSION = 1;
				GENERATE_INFOPLIST_FILE = YES;
				LD_RUNPATH_SEARCH_PATHS = (
					"$(inherited)",
					"@executable_path/../Frameworks",
					"@loader_path/../Frameworks",
				);
				MARKETING_VERSION = 1.0;
				PRODUCT_BUNDLE_IDENTIFIER = take.storyBoardGetWindowUITests;
				PRODUCT_NAME = "$(TARGET_NAME)";
				SWIFT_EMIT_LOC_STRINGS = NO;
				SWIFT_VERSION = 5.0;
				TEST_TARGET_NAME = storyBoardGetWindow;
			};
			name = Release;
		};
/* End XCBuildConfiguration section */

/* Begin XCConfigurationList section */
		3C50D796275EAEC10073C6B8 /* Build configuration list for PBXProject "storyBoardGetWindow" */ = {
			isa = XCConfigurationList;
			buildConfigurations = (
				3C50D7BE275EAEC40073C6B8 /* Debug */,
				3C50D7BF275EAEC40073C6B8 /* Release */,
			);
			defaultConfigurationIsVisible = 0;
			defaultConfigurationName = Release;
		};
		3C50D7C0275EAEC40073C6B8 /* Build configuration list for PBXNativeTarget "storyBoardGetWindow" */ = {
			isa = XCConfigurationList;
			buildConfigurations = (
				3C50D7C1275EAEC40073C6B8 /* Debug */,
				3C50D7C2275EAEC40073C6B8 /* Release */,
			);
			defaultConfigurationIsVisible = 0;
			defaultConfigurationName = Release;
		};
		3C50D7C3275EAEC40073C6B8 /* Build configuration list for PBXNativeTarget "storyBoardGetWindowTests" */ = {
			isa = XCConfigurationList;
			buildConfigurations = (
				3C50D7C4275EAEC40073C6B8 /* Debug */,
				3C50D7C5275EAEC40073C6B8 /* Release */,
			);
			defaultConfigurationIsVisible = 0;
			defaultConfigurationName = Release;
		};
		3C50D7C6275EAEC40073C6B8 /* Build configuration list for PBXNativeTarget "storyBoardGetWindowUITests" */ = {
			isa = XCConfigurationList;
			buildConfigurations = (
				3C50D7C7275EAEC40073C6B8 /* Debug */,
				3C50D7C8275EAEC40073C6B8 /* Release */,
			);
			defaultConfigurationIsVisible = 0;
			defaultConfigurationName = Release;
		};
/* End XCConfigurationList section */
	};
	rootObject = 3C50D793275EAEC10073C6B8 /* Project object */;
}
